
Microsoft Visual Studio Solution File, Format Version 12.00
# Visual Studio Version 17
VisualStudioVersion = 17.0.31919.166
MinimumVisualStudioVersion = 10.0.40219.1
Project("{FAE04EC0-301F-11D3-BF4B-00C04F79EFBC}") = "Chapter2_2DTransformations", "Chapter2_2DTransformations\Chapter2_2DTransformations.csproj", "{53BF25D6-EACE-4727-9E6F-C8D1CADFBDCC}"
EndProject
Project("{FAE04EC0-301F-11D3-BF4B-00C04F79EFBC}") = "Chapter3_WPFGraphics_Basics_In2D", "Chapter3_WPFGraphics_Basics_In2D\Chapter3_WPFGraphics_Basics_In2D.csproj", "{7D952FBE-7B52-47F1-997D-B74B389A7FD6}"
EndProject
Project("{FAE04EC0-301F-11D3-BF4B-00C04F79EFBC}") = "Chapter4_ColorsAndBrushes", "Chapter4_ColorsAndBrushes\Chapter4_ColorsAndBrushes.csproj", "{DDA25517-DA0A-4569-9B5C-AAD21EF37276}"
EndProject
Global
	GlobalSection(SolutionConfigurationPlatforms) = preSolution
		Debug|Any CPU = Debug|Any CPU
		Release|Any CPU = Release|Any CPU
	EndGlobalSection
	GlobalSection(ProjectConfigurationPlatforms) = postSolution
		{53BF25D6-EACE-4727-9E6F-C8D1CADFBDCC}.Debug|Any CPU.ActiveCfg = Debug|Any CPU
		{53BF25D6-EACE-4727-9E6F-C8D1CADFBDCC}.Debug|Any CPU.Build.0 = Debug|Any CPU
		{53BF25D6-EACE-4727-9E6F-C8D1CADFBDCC}.Release|Any CPU.ActiveCfg = Release|Any CPU
		{53BF25D6-EACE-4727-9E6F-C8D1CADFBDCC}.Release|Any CPU.Build.0 = Release|Any CPU
		{7D952FBE-7B52-47F1-997D-B74B389A7FD6}.Debug|Any CPU.ActiveCfg = Debug|Any CPU
		{7D952FBE-7B52-47F1-997D-B74B389A7FD6}.Debug|Any CPU.Build.0 = Debug|Any CPU
		{7D952FBE-7B52-47F1-997D-B74B389A7FD6}.Release|Any CPU.ActiveCfg = Release|Any CPU
		{7D952FBE-7B52-47F1-997D-B74B389A7FD6}.Release|Any CPU.Build.0 = Release|Any CPU
		{DDA25517-DA0A-4569-9B5C-AAD21EF37276}.Debug|Any CPU.ActiveCfg = Debug|Any CPU
		{DDA25517-DA0A-4569-9B5C-AAD21EF37276}.Debug|Any CPU.Build.0 = Debug|Any CPU
		{DDA25517-DA0A-4569-9B5C-AAD21EF37276}.Release|Any CPU.ActiveCfg = Release|Any CPU
		{DDA25517-DA0A-4569-9B5C-AAD21EF37276}.Release|Any CPU.Build.0 = Release|Any CPU
	EndGlobalSection
	GlobalSection(SolutionProperties) = preSolution
		HideSolutionNode = FALSE
	EndGlobalSection
	GlobalSection(ExtensibilityGlobals) = postSolution
		SolutionGuid = {4EE0E982-7558-4690-B55D-F5BC8DE5529B}
	EndGlobalSection
EndGlobal
